
Microsoft Visual Studio Solution File, Format Version 12.00
# Visual Studio 15
VisualStudioVersion = 15.0.28010.2016
MinimumVisualStudioVersion = 10.0.40219.1
Project("{2150E333-8FDC-42A3-9474-1A3956D46DE8}") = "Client", "Client", "{7E63C2D8-436B-47BF-8C6A-AF32D004DB88}"
EndProject
Project("{2150E333-8FDC-42A3-9474-1A3956D46DE8}") = "Service", "Service", "{BBCCA435-0047-48AE-BF1C-C7164D9967D4}"
EndProject
Project("{2150E333-8FDC-42A3-9474-1A3956D46DE8}") = "Sql", "Sql", "{6D51EAB9-47EF-4F3B-A883-849071822E0D}"
EndProject
Project("{2150E333-8FDC-42A3-9474-1A3956D46DE8}") = "iteration2", "iteration2", "{382EF09D-72B3-4D29-A37B-F2E316EABC53}"
	ProjectSection(SolutionItems) = preProject
		Sql\iteration2\RemoteConfig.sql = Sql\iteration2\RemoteConfig.sql
	EndProjectSection
EndProject
Project("{2150E333-8FDC-42A3-9474-1A3956D46DE8}") = "Test", "Test", "{433C8931-E668-42EF-AF25-C06AF79CEA06}"
EndProject
Project("{2150E333-8FDC-42A3-9474-1A3956D46DE8}") = "ServicePublish", "ServicePublish", "{4596405C-DBF9-49F7-AC8F-098AD0115E54}"
EndProject
Project("{2150E333-8FDC-42A3-9474-1A3956D46DE8}") = "Rpc", "Rpc", "{8ED4AC7D-FA83-414A-8B35-E47FCD9196EC}"
EndProject
Project("{2150E333-8FDC-42A3-9474-1A3956D46DE8}") = "WebSite", "WebSite", "{97305819-FE6E-487F-A7EB-2DB63D30A1C7}"
EndProject
Project("{2150E333-8FDC-42A3-9474-1A3956D46DE8}") = "Controller", "Controller", "{6F292DD2-0EEC-4256-97CF-3612C8F24576}"
EndProject
Project("{2150E333-8FDC-42A3-9474-1A3956D46DE8}") = "Sites", "Sites", "{FC91EEB3-DFCE-410A-8E2D-275946DC490F}"
EndProject
Project("{2150E333-8FDC-42A3-9474-1A3956D46DE8}") = "UISites", "UISites", "{38F16DD8-4E46-4B9A-BD3B-C0735F650939}"
EndProject
Project("{9A19103F-16F7-4668-BE54-9A1E7A4F7556}") = "Hayaa.RemoteConfig.Service.Core", "Hayaa.RemoteConfig.Service.Core\Hayaa.RemoteConfig.Service.Core.csproj", "{E5377021-8AD3-4123-AAB7-2966E4A3BC2C}"
EndProject
Project("{9A19103F-16F7-4668-BE54-9A1E7A4F7556}") = "Hayaa.RemoteConfig.Client", "Hayaa.RemoteConfig.Client\Hayaa.RemoteConfig.Client.csproj", "{C070C042-696A-4F2A-B254-4C7B8CFDAAB1}"
EndProject
Project("{9A19103F-16F7-4668-BE54-9A1E7A4F7556}") = "Hayaa.RemoteConfig.Server", "Hayaa.RemoteConfig.Server\Hayaa.RemoteConfig.Server.csproj", "{2AFC29F6-6410-4894-879C-0FA92DD8EF6C}"
EndProject
Project("{9A19103F-16F7-4668-BE54-9A1E7A4F7556}") = "Hayaa.RemoteConfig.Site", "Hayaa.RemoteConfig.Site\Hayaa.RemoteConfig.Site.csproj", "{90105690-AC80-4E07-8B5B-CC9A3589AE4E}"
EndProject
Project("{9A19103F-16F7-4668-BE54-9A1E7A4F7556}") = "Hayaa.RemoteConfig.Controller", "Hayaa.RemoteConfig.Controller\Hayaa.RemoteConfig.Controller.csproj", "{591758BE-A237-4642-9E60-08DEE43FB448}"
EndProject
Project("{9A19103F-16F7-4668-BE54-9A1E7A4F7556}") = "Hayaa.RemoteConfig.ServiceV2", "Hayaa.RemoteConfig.ServiceV2\Hayaa.RemoteConfig.ServiceV2.csproj", "{4461439E-1D68-4D4A-AEB4-5C2A347FF19A}"
EndProject
Global
	GlobalSection(SolutionConfigurationPlatforms) = preSolution
		Debug|Any CPU = Debug|Any CPU
		Release|Any CPU = Release|Any CPU
	EndGlobalSection
	GlobalSection(ProjectConfigurationPlatforms) = postSolution
		{E5377021-8AD3-4123-AAB7-2966E4A3BC2C}.Debug|Any CPU.ActiveCfg = Debug|Any CPU
		{E5377021-8AD3-4123-AAB7-2966E4A3BC2C}.Debug|Any CPU.Build.0 = Debug|Any CPU
		{E5377021-8AD3-4123-AAB7-2966E4A3BC2C}.Release|Any CPU.ActiveCfg = Release|Any CPU
		{E5377021-8AD3-4123-AAB7-2966E4A3BC2C}.Release|Any CPU.Build.0 = Release|Any CPU
		{C070C042-696A-4F2A-B254-4C7B8CFDAAB1}.Debug|Any CPU.ActiveCfg = Debug|Any CPU
		{C070C042-696A-4F2A-B254-4C7B8CFDAAB1}.Debug|Any CPU.Build.0 = Debug|Any CPU
		{C070C042-696A-4F2A-B254-4C7B8CFDAAB1}.Release|Any CPU.ActiveCfg = Release|Any CPU
		{C070C042-696A-4F2A-B254-4C7B8CFDAAB1}.Release|Any CPU.Build.0 = Release|Any CPU
		{2AFC29F6-6410-4894-879C-0FA92DD8EF6C}.Debug|Any CPU.ActiveCfg = Debug|Any CPU
		{2AFC29F6-6410-4894-879C-0FA92DD8EF6C}.Debug|Any CPU.Build.0 = Debug|Any CPU
		{2AFC29F6-6410-4894-879C-0FA92DD8EF6C}.Release|Any CPU.ActiveCfg = Release|Any CPU
		{2AFC29F6-6410-4894-879C-0FA92DD8EF6C}.Release|Any CPU.Build.0 = Release|Any CPU
		{90105690-AC80-4E07-8B5B-CC9A3589AE4E}.Debug|Any CPU.ActiveCfg = Debug|Any CPU
		{90105690-AC80-4E07-8B5B-CC9A3589AE4E}.Debug|Any CPU.Build.0 = Debug|Any CPU
		{90105690-AC80-4E07-8B5B-CC9A3589AE4E}.Release|Any CPU.ActiveCfg = Release|Any CPU
		{90105690-AC80-4E07-8B5B-CC9A3589AE4E}.Release|Any CPU.Build.0 = Release|Any CPU
		{591758BE-A237-4642-9E60-08DEE43FB448}.Debug|Any CPU.ActiveCfg = Debug|Any CPU
		{591758BE-A237-4642-9E60-08DEE43FB448}.Debug|Any CPU.Build.0 = Debug|Any CPU
		{591758BE-A237-4642-9E60-08DEE43FB448}.Release|Any CPU.ActiveCfg = Release|Any CPU
		{591758BE-A237-4642-9E60-08DEE43FB448}.Release|Any CPU.Build.0 = Release|Any CPU
		{4461439E-1D68-4D4A-AEB4-5C2A347FF19A}.Debug|Any CPU.ActiveCfg = Debug|Any CPU
		{4461439E-1D68-4D4A-AEB4-5C2A347FF19A}.Debug|Any CPU.Build.0 = Debug|Any CPU
		{4461439E-1D68-4D4A-AEB4-5C2A347FF19A}.Release|Any CPU.ActiveCfg = Release|Any CPU
		{4461439E-1D68-4D4A-AEB4-5C2A347FF19A}.Release|Any CPU.Build.0 = Release|Any CPU
	EndGlobalSection
	GlobalSection(SolutionProperties) = preSolution
		HideSolutionNode = FALSE
	EndGlobalSection
	GlobalSection(NestedProjects) = preSolution
		{382EF09D-72B3-4D29-A37B-F2E316EABC53} = {6D51EAB9-47EF-4F3B-A883-849071822E0D}
		{8ED4AC7D-FA83-414A-8B35-E47FCD9196EC} = {4596405C-DBF9-49F7-AC8F-098AD0115E54}
		{97305819-FE6E-487F-A7EB-2DB63D30A1C7} = {4596405C-DBF9-49F7-AC8F-098AD0115E54}
		{6F292DD2-0EEC-4256-97CF-3612C8F24576} = {97305819-FE6E-487F-A7EB-2DB63D30A1C7}
		{FC91EEB3-DFCE-410A-8E2D-275946DC490F} = {97305819-FE6E-487F-A7EB-2DB63D30A1C7}
		{38F16DD8-4E46-4B9A-BD3B-C0735F650939} = {97305819-FE6E-487F-A7EB-2DB63D30A1C7}
		{E5377021-8AD3-4123-AAB7-2966E4A3BC2C} = {BBCCA435-0047-48AE-BF1C-C7164D9967D4}
		{C070C042-696A-4F2A-B254-4C7B8CFDAAB1} = {7E63C2D8-436B-47BF-8C6A-AF32D004DB88}
		{2AFC29F6-6410-4894-879C-0FA92DD8EF6C} = {8ED4AC7D-FA83-414A-8B35-E47FCD9196EC}
		{90105690-AC80-4E07-8B5B-CC9A3589AE4E} = {FC91EEB3-DFCE-410A-8E2D-275946DC490F}
		{591758BE-A237-4642-9E60-08DEE43FB448} = {6F292DD2-0EEC-4256-97CF-3612C8F24576}
		{4461439E-1D68-4D4A-AEB4-5C2A347FF19A} = {BBCCA435-0047-48AE-BF1C-C7164D9967D4}
	EndGlobalSection
	GlobalSection(ExtensibilityGlobals) = postSolution
		SolutionGuid = {14C67632-5281-4624-ADDF-51E4CF210E1A}
	EndGlobalSection
EndGlobal
