
Microsoft Visual Studio Solution File, Format Version 12.00
# Visual Studio 15
VisualStudioVersion = 15.0.28010.2016
MinimumVisualStudioVersion = 10.0.40219.1
Project("{2150E333-8FDC-42A3-9474-1A3956D46DE8}") = "Client", "Client", "{7E63C2D8-436B-47BF-8C6A-AF32D004DB88}"
EndProject
Project("{9A19103F-16F7-4668-BE54-9A1E7A4F7556}") = "Hayaa.RemoteConfig.Client", "Seed\Netcore\Hayaa.RemoteConfig.Client\Hayaa.RemoteConfig.Client.csproj", "{A3500B2A-84AF-41F8-BE9E-D38A3F0BC990}"
EndProject
Project("{2150E333-8FDC-42A3-9474-1A3956D46DE8}") = "Service", "Service", "{BBCCA435-0047-48AE-BF1C-C7164D9967D4}"
EndProject
Project("{9A19103F-16F7-4668-BE54-9A1E7A4F7556}") = "Hayaa.RemoteConfig.Service.Core", "Service\Hayaa.RemoteConfig.Service.Core\Hayaa.RemoteConfig.Service.Core.csproj", "{70D66393-3E3F-41E9-9A3F-C5F160F8E07A}"
EndProject
Project("{9A19103F-16F7-4668-BE54-9A1E7A4F7556}") = "Hayaa.RemoteConfig.ServiceV2", "Service\Hayaa.RemoteConfig.ServiceV2\Hayaa.RemoteConfig.ServiceV2.csproj", "{95876F38-F27F-4FBA-BD20-D9E74E845CE5}"
EndProject
Project("{2150E333-8FDC-42A3-9474-1A3956D46DE8}") = "Sql", "Sql", "{6D51EAB9-47EF-4F3B-A883-849071822E0D}"
EndProject
Project("{2150E333-8FDC-42A3-9474-1A3956D46DE8}") = "iteration2", "iteration2", "{382EF09D-72B3-4D29-A37B-F2E316EABC53}"
EndProject
Project("{2150E333-8FDC-42A3-9474-1A3956D46DE8}") = "Test", "Test", "{433C8931-E668-42EF-AF25-C06AF79CEA06}"
EndProject
Project("{2150E333-8FDC-42A3-9474-1A3956D46DE8}") = "ServicePublish", "ServicePublish", "{4596405C-DBF9-49F7-AC8F-098AD0115E54}"
EndProject
Project("{2150E333-8FDC-42A3-9474-1A3956D46DE8}") = "Rpc", "Rpc", "{8ED4AC7D-FA83-414A-8B35-E47FCD9196EC}"
EndProject
Project("{2150E333-8FDC-42A3-9474-1A3956D46DE8}") = "WebSite", "WebSite", "{97305819-FE6E-487F-A7EB-2DB63D30A1C7}"
EndProject
Project("{9A19103F-16F7-4668-BE54-9A1E7A4F7556}") = "Hayaa.RemoteConfig.Server", "Hayaa.RemoteConfig.Server\Hayaa.RemoteConfig.Server.csproj", "{8D3E7131-A620-43EC-8ED3-C28B846F3135}"
EndProject
Project("{2150E333-8FDC-42A3-9474-1A3956D46DE8}") = "Controller", "Controller", "{6F292DD2-0EEC-4256-97CF-3612C8F24576}"
EndProject
Project("{FAE04EC0-301F-11D3-BF4B-00C04F79EFBC}") = "Hayaa.RemoteConfig.Controller", "Hayaa.RemoteConfig.Controller\Hayaa.RemoteConfig.Controller.csproj", "{7CEA5FE2-A742-4C1D-9D8B-7C0A47ECC97C}"
EndProject
Project("{2150E333-8FDC-42A3-9474-1A3956D46DE8}") = "Sites", "Sites", "{FC91EEB3-DFCE-410A-8E2D-275946DC490F}"
EndProject
Project("{FAE04EC0-301F-11D3-BF4B-00C04F79EFBC}") = "Hayaa.RemoteConfig.Site", "Hayaa.RemoteConfig.Site\Hayaa.RemoteConfig.Site.csproj", "{8F82B040-8843-4B14-B5C9-76F5F79F27D1}"
EndProject
Project("{FAE04EC0-301F-11D3-BF4B-00C04F79EFBC}") = "Hayaa.RemoteConfig.ClientTest", "Hayaa.RemoteConfig.ClientTest\Hayaa.RemoteConfig.ClientTest.csproj", "{B69515C1-3F4A-4E60-871C-11351155EAC1}"
EndProject
Project("{2150E333-8FDC-42A3-9474-1A3956D46DE8}") = "UISites", "UISites", "{38F16DD8-4E46-4B9A-BD3B-C0735F650939}"
EndProject
Global
	GlobalSection(SolutionConfigurationPlatforms) = preSolution
		Debug|Any CPU = Debug|Any CPU
		Release|Any CPU = Release|Any CPU
	EndGlobalSection
	GlobalSection(ProjectConfigurationPlatforms) = postSolution
		{A3500B2A-84AF-41F8-BE9E-D38A3F0BC990}.Debug|Any CPU.ActiveCfg = Debug|Any CPU
		{A3500B2A-84AF-41F8-BE9E-D38A3F0BC990}.Debug|Any CPU.Build.0 = Debug|Any CPU
		{A3500B2A-84AF-41F8-BE9E-D38A3F0BC990}.Release|Any CPU.ActiveCfg = Release|Any CPU
		{A3500B2A-84AF-41F8-BE9E-D38A3F0BC990}.Release|Any CPU.Build.0 = Release|Any CPU
		{70D66393-3E3F-41E9-9A3F-C5F160F8E07A}.Debug|Any CPU.ActiveCfg = Debug|Any CPU
		{70D66393-3E3F-41E9-9A3F-C5F160F8E07A}.Debug|Any CPU.Build.0 = Debug|Any CPU
		{70D66393-3E3F-41E9-9A3F-C5F160F8E07A}.Release|Any CPU.ActiveCfg = Release|Any CPU
		{70D66393-3E3F-41E9-9A3F-C5F160F8E07A}.Release|Any CPU.Build.0 = Release|Any CPU
		{95876F38-F27F-4FBA-BD20-D9E74E845CE5}.Debug|Any CPU.ActiveCfg = Debug|Any CPU
		{95876F38-F27F-4FBA-BD20-D9E74E845CE5}.Debug|Any CPU.Build.0 = Debug|Any CPU
		{95876F38-F27F-4FBA-BD20-D9E74E845CE5}.Release|Any CPU.ActiveCfg = Release|Any CPU
		{95876F38-F27F-4FBA-BD20-D9E74E845CE5}.Release|Any CPU.Build.0 = Release|Any CPU
		{8D3E7131-A620-43EC-8ED3-C28B846F3135}.Debug|Any CPU.ActiveCfg = Debug|Any CPU
		{8D3E7131-A620-43EC-8ED3-C28B846F3135}.Debug|Any CPU.Build.0 = Debug|Any CPU
		{8D3E7131-A620-43EC-8ED3-C28B846F3135}.Release|Any CPU.ActiveCfg = Release|Any CPU
		{8D3E7131-A620-43EC-8ED3-C28B846F3135}.Release|Any CPU.Build.0 = Release|Any CPU
		{7CEA5FE2-A742-4C1D-9D8B-7C0A47ECC97C}.Debug|Any CPU.ActiveCfg = Debug|Any CPU
		{7CEA5FE2-A742-4C1D-9D8B-7C0A47ECC97C}.Debug|Any CPU.Build.0 = Debug|Any CPU
		{7CEA5FE2-A742-4C1D-9D8B-7C0A47ECC97C}.Release|Any CPU.ActiveCfg = Release|Any CPU
		{7CEA5FE2-A742-4C1D-9D8B-7C0A47ECC97C}.Release|Any CPU.Build.0 = Release|Any CPU
		{8F82B040-8843-4B14-B5C9-76F5F79F27D1}.Debug|Any CPU.ActiveCfg = Debug|Any CPU
		{8F82B040-8843-4B14-B5C9-76F5F79F27D1}.Debug|Any CPU.Build.0 = Debug|Any CPU
		{8F82B040-8843-4B14-B5C9-76F5F79F27D1}.Release|Any CPU.ActiveCfg = Release|Any CPU
		{8F82B040-8843-4B14-B5C9-76F5F79F27D1}.Release|Any CPU.Build.0 = Release|Any CPU
		{B69515C1-3F4A-4E60-871C-11351155EAC1}.Debug|Any CPU.ActiveCfg = Debug|Any CPU
		{B69515C1-3F4A-4E60-871C-11351155EAC1}.Debug|Any CPU.Build.0 = Debug|Any CPU
		{B69515C1-3F4A-4E60-871C-11351155EAC1}.Release|Any CPU.ActiveCfg = Release|Any CPU
		{B69515C1-3F4A-4E60-871C-11351155EAC1}.Release|Any CPU.Build.0 = Release|Any CPU
	EndGlobalSection
	GlobalSection(SolutionProperties) = preSolution
		HideSolutionNode = FALSE
	EndGlobalSection
	GlobalSection(NestedProjects) = preSolution
		{A3500B2A-84AF-41F8-BE9E-D38A3F0BC990} = {7E63C2D8-436B-47BF-8C6A-AF32D004DB88}
		{70D66393-3E3F-41E9-9A3F-C5F160F8E07A} = {BBCCA435-0047-48AE-BF1C-C7164D9967D4}
		{95876F38-F27F-4FBA-BD20-D9E74E845CE5} = {BBCCA435-0047-48AE-BF1C-C7164D9967D4}
		{382EF09D-72B3-4D29-A37B-F2E316EABC53} = {6D51EAB9-47EF-4F3B-A883-849071822E0D}
		{8ED4AC7D-FA83-414A-8B35-E47FCD9196EC} = {4596405C-DBF9-49F7-AC8F-098AD0115E54}
		{97305819-FE6E-487F-A7EB-2DB63D30A1C7} = {4596405C-DBF9-49F7-AC8F-098AD0115E54}
		{8D3E7131-A620-43EC-8ED3-C28B846F3135} = {8ED4AC7D-FA83-414A-8B35-E47FCD9196EC}
		{6F292DD2-0EEC-4256-97CF-3612C8F24576} = {97305819-FE6E-487F-A7EB-2DB63D30A1C7}
		{7CEA5FE2-A742-4C1D-9D8B-7C0A47ECC97C} = {6F292DD2-0EEC-4256-97CF-3612C8F24576}
		{FC91EEB3-DFCE-410A-8E2D-275946DC490F} = {97305819-FE6E-487F-A7EB-2DB63D30A1C7}
		{8F82B040-8843-4B14-B5C9-76F5F79F27D1} = {FC91EEB3-DFCE-410A-8E2D-275946DC490F}
		{B69515C1-3F4A-4E60-871C-11351155EAC1} = {433C8931-E668-42EF-AF25-C06AF79CEA06}
		{38F16DD8-4E46-4B9A-BD3B-C0735F650939} = {97305819-FE6E-487F-A7EB-2DB63D30A1C7}
	EndGlobalSection
	GlobalSection(ExtensibilityGlobals) = postSolution
		SolutionGuid = {14C67632-5281-4624-ADDF-51E4CF210E1A}
	EndGlobalSection
EndGlobal
