
Microsoft Visual Studio Solution File, Format Version 12.00
# Visual Studio 15
VisualStudioVersion = 15.0.27428.2005
MinimumVisualStudioVersion = 10.0.40219.1
Project("{2150E333-8FDC-42A3-9474-1A3956D46DE8}") = "Seed", "Seed", "{B46D638C-3EBF-4968-9551-2B376A381A12}"
EndProject
Project("{2150E333-8FDC-42A3-9474-1A3956D46DE8}") = "Service", "Service", "{C50B1923-7140-4EE4-A9EE-7CD4E6B15C73}"
EndProject
Project("{9A19103F-16F7-4668-BE54-9A1E7A4F7556}") = "Hayaa.ConfigSeed.Netcore", "Seed\Netcore\Hayaa.ConfigSeed.Netcore\Hayaa.ConfigSeed.Netcore.csproj", "{D4E6BF57-5FFD-4FDF-99FC-01F884E59DE7}"
EndProject
Project("{9A19103F-16F7-4668-BE54-9A1E7A4F7556}") = "Hayaa.RemoteConfig.Service", "Service\Hayaa.RemoteConfig.Service\Hayaa.RemoteConfig.Service\Hayaa.RemoteConfig.Service.csproj", "{1C215A8D-5157-44D9-A7B6-998BD3FE1A5E}"
EndProject
Project("{9A19103F-16F7-4668-BE54-9A1E7A4F7556}") = "Hayaa.RemoteConfig.Service.Core", "Service\Hayaa.RemoteConfig.Service\Hayaa.RemoteConfig.Server\Hayaa.RemoteConfig.Service.Core.csproj", "{5A4875AE-7031-4904-A4E5-E04F5AD554B2}"
EndProject
Project("{2150E333-8FDC-42A3-9474-1A3956D46DE8}") = "Test", "Test", "{0603E397-5141-4CDA-858B-D17B75C135A4}"
EndProject
Project("{9A19103F-16F7-4668-BE54-9A1E7A4F7556}") = "XUnitTestProject", "XUnitTestProject\XUnitTestProject.csproj", "{45F83CFE-BA5F-449E-BD41-CFE00ED08DA9}"
EndProject
Project("{2150E333-8FDC-42A3-9474-1A3956D46DE8}") = "WebSite", "WebSite", "{C503BC1C-1C1F-4CF8-84C7-F7A1D63CE405}"
EndProject
Project("{2150E333-8FDC-42A3-9474-1A3956D46DE8}") = "Controller", "Controller", "{A2FFF296-B4EC-445B-B03A-51D6626854FB}"
EndProject
Project("{2150E333-8FDC-42A3-9474-1A3956D46DE8}") = "Site", "Site", "{714B9262-0108-405A-B1E7-339FCDDFE53A}"
EndProject
Project("{2150E333-8FDC-42A3-9474-1A3956D46DE8}") = "Sql", "Sql", "{7907AA4E-D083-4A83-8435-59F81681A815}"
EndProject
Project("{2150E333-8FDC-42A3-9474-1A3956D46DE8}") = "iteration1", "iteration1", "{CCD29EE2-911C-4709-9654-8A5BE8C522E7}"
	ProjectSection(SolutionItems) = preProject
		Sql\Mariadb\iteration1\RemoteConfig.sql = Sql\Mariadb\iteration1\RemoteConfig.sql
	EndProjectSection
EndProject
Project("{9A19103F-16F7-4668-BE54-9A1E7A4F7556}") = "Hayaa.RemoteConfigSite", "Hayaa.RemoteConfigSite\Hayaa.RemoteConfigSite.csproj", "{903E316E-240C-4EFA-B8F3-0BF2399CBDB7}"
EndProject
Project("{9A19103F-16F7-4668-BE54-9A1E7A4F7556}") = "Hayaa.RemoteConfigController", "Hayaa.RemoteConfigController\Hayaa.RemoteConfigController.csproj", "{1FBC3CE0-F58D-4FCC-9922-6D821BE68C33}"
EndProject
Project("{E53339B2-1760-4266-BCC7-CA923CBCF16C}") = "docker-compose", "docker-compose.dcproj", "{5837A7EB-FF44-491B-B9A3-CC34828A9846}"
EndProject
Project("{9092AA53-FB77-4645-B42D-1CCCA6BD08BD}") = "HayaaRemoteConfigManangerSite", "HayaaRemoteConfigManangerSite\HayaaRemoteConfigManangerSite.njsproj", "{5613E36E-90BF-4F5C-8F38-451EB456F2C8}"
EndProject
Global
	GlobalSection(SolutionConfigurationPlatforms) = preSolution
		Debug|Any CPU = Debug|Any CPU
		Release|Any CPU = Release|Any CPU
	EndGlobalSection
	GlobalSection(ProjectConfigurationPlatforms) = postSolution
		{D4E6BF57-5FFD-4FDF-99FC-01F884E59DE7}.Debug|Any CPU.ActiveCfg = Debug|Any CPU
		{D4E6BF57-5FFD-4FDF-99FC-01F884E59DE7}.Debug|Any CPU.Build.0 = Debug|Any CPU
		{D4E6BF57-5FFD-4FDF-99FC-01F884E59DE7}.Release|Any CPU.ActiveCfg = Release|Any CPU
		{D4E6BF57-5FFD-4FDF-99FC-01F884E59DE7}.Release|Any CPU.Build.0 = Release|Any CPU
		{1C215A8D-5157-44D9-A7B6-998BD3FE1A5E}.Debug|Any CPU.ActiveCfg = Debug|Any CPU
		{1C215A8D-5157-44D9-A7B6-998BD3FE1A5E}.Debug|Any CPU.Build.0 = Debug|Any CPU
		{1C215A8D-5157-44D9-A7B6-998BD3FE1A5E}.Release|Any CPU.ActiveCfg = Release|Any CPU
		{1C215A8D-5157-44D9-A7B6-998BD3FE1A5E}.Release|Any CPU.Build.0 = Release|Any CPU
		{5A4875AE-7031-4904-A4E5-E04F5AD554B2}.Debug|Any CPU.ActiveCfg = Debug|Any CPU
		{5A4875AE-7031-4904-A4E5-E04F5AD554B2}.Debug|Any CPU.Build.0 = Debug|Any CPU
		{5A4875AE-7031-4904-A4E5-E04F5AD554B2}.Release|Any CPU.ActiveCfg = Release|Any CPU
		{5A4875AE-7031-4904-A4E5-E04F5AD554B2}.Release|Any CPU.Build.0 = Release|Any CPU
		{45F83CFE-BA5F-449E-BD41-CFE00ED08DA9}.Debug|Any CPU.ActiveCfg = Debug|Any CPU
		{45F83CFE-BA5F-449E-BD41-CFE00ED08DA9}.Debug|Any CPU.Build.0 = Debug|Any CPU
		{45F83CFE-BA5F-449E-BD41-CFE00ED08DA9}.Release|Any CPU.ActiveCfg = Release|Any CPU
		{45F83CFE-BA5F-449E-BD41-CFE00ED08DA9}.Release|Any CPU.Build.0 = Release|Any CPU
		{903E316E-240C-4EFA-B8F3-0BF2399CBDB7}.Debug|Any CPU.ActiveCfg = Debug|Any CPU
		{903E316E-240C-4EFA-B8F3-0BF2399CBDB7}.Debug|Any CPU.Build.0 = Debug|Any CPU
		{903E316E-240C-4EFA-B8F3-0BF2399CBDB7}.Release|Any CPU.ActiveCfg = Release|Any CPU
		{903E316E-240C-4EFA-B8F3-0BF2399CBDB7}.Release|Any CPU.Build.0 = Release|Any CPU
		{1FBC3CE0-F58D-4FCC-9922-6D821BE68C33}.Debug|Any CPU.ActiveCfg = Debug|Any CPU
		{1FBC3CE0-F58D-4FCC-9922-6D821BE68C33}.Debug|Any CPU.Build.0 = Debug|Any CPU
		{1FBC3CE0-F58D-4FCC-9922-6D821BE68C33}.Release|Any CPU.ActiveCfg = Release|Any CPU
		{1FBC3CE0-F58D-4FCC-9922-6D821BE68C33}.Release|Any CPU.Build.0 = Release|Any CPU
		{5837A7EB-FF44-491B-B9A3-CC34828A9846}.Debug|Any CPU.ActiveCfg = Debug|Any CPU
		{5837A7EB-FF44-491B-B9A3-CC34828A9846}.Debug|Any CPU.Build.0 = Debug|Any CPU
		{5837A7EB-FF44-491B-B9A3-CC34828A9846}.Release|Any CPU.ActiveCfg = Release|Any CPU
		{5837A7EB-FF44-491B-B9A3-CC34828A9846}.Release|Any CPU.Build.0 = Release|Any CPU
		{5613E36E-90BF-4F5C-8F38-451EB456F2C8}.Debug|Any CPU.ActiveCfg = Debug|Any CPU
		{5613E36E-90BF-4F5C-8F38-451EB456F2C8}.Debug|Any CPU.Build.0 = Debug|Any CPU
		{5613E36E-90BF-4F5C-8F38-451EB456F2C8}.Release|Any CPU.ActiveCfg = Release|Any CPU
		{5613E36E-90BF-4F5C-8F38-451EB456F2C8}.Release|Any CPU.Build.0 = Release|Any CPU
	EndGlobalSection
	GlobalSection(SolutionProperties) = preSolution
		HideSolutionNode = FALSE
	EndGlobalSection
	GlobalSection(NestedProjects) = preSolution
		{D4E6BF57-5FFD-4FDF-99FC-01F884E59DE7} = {B46D638C-3EBF-4968-9551-2B376A381A12}
		{1C215A8D-5157-44D9-A7B6-998BD3FE1A5E} = {C50B1923-7140-4EE4-A9EE-7CD4E6B15C73}
		{5A4875AE-7031-4904-A4E5-E04F5AD554B2} = {C50B1923-7140-4EE4-A9EE-7CD4E6B15C73}
		{45F83CFE-BA5F-449E-BD41-CFE00ED08DA9} = {0603E397-5141-4CDA-858B-D17B75C135A4}
		{A2FFF296-B4EC-445B-B03A-51D6626854FB} = {C503BC1C-1C1F-4CF8-84C7-F7A1D63CE405}
		{714B9262-0108-405A-B1E7-339FCDDFE53A} = {C503BC1C-1C1F-4CF8-84C7-F7A1D63CE405}
		{CCD29EE2-911C-4709-9654-8A5BE8C522E7} = {7907AA4E-D083-4A83-8435-59F81681A815}
		{903E316E-240C-4EFA-B8F3-0BF2399CBDB7} = {714B9262-0108-405A-B1E7-339FCDDFE53A}
		{1FBC3CE0-F58D-4FCC-9922-6D821BE68C33} = {A2FFF296-B4EC-445B-B03A-51D6626854FB}
		{5613E36E-90BF-4F5C-8F38-451EB456F2C8} = {714B9262-0108-405A-B1E7-339FCDDFE53A}
	EndGlobalSection
	GlobalSection(ExtensibilityGlobals) = postSolution
		SolutionGuid = {B2F9BE6F-A369-4193-B307-65A4B1F843F6}
	EndGlobalSection
EndGlobal
